// !$*UTF8*$!
{
	archiveVersion = 1;
	classes = {
	};
	objectVersion = 56;
	objects = {

/* Begin PBXBuildFile section */
		344BE1C12B226BC800191848 /* PassSplash.swift in Sources */ = {isa = PBXBuildFile; fileRef = 344BE1C02B226BC800191848 /* PassSplash.swift */; };
		344BE1C52B2B5EF700191848 /* Silkscreen in Resources */ = {isa = PBXBuildFile; fileRef = 344BE1C42B2B5EF700191848 /* Silkscreen */; };
		344BE1CB2B2BF4FF00191848 /* Silkscreen-Regular.ttf in Resources */ = {isa = PBXBuildFile; fileRef = 344BE1C72B2B5F0400191848 /* Silkscreen-Regular.ttf */; };
		345AA2292AF2A00000FE644A /* CrapsApp.swift in Sources */ = {isa = PBXBuildFile; fileRef = 345AA2282AF2A00000FE644A /* CrapsApp.swift */; };
		345AA22B2AF2A00000FE644A /* ContentView.swift in Sources */ = {isa = PBXBuildFile; fileRef = 345AA22A2AF2A00000FE644A /* ContentView.swift */; };
		345AA22D2AF2A00900FE644A /* Assets.xcassets in Resources */ = {isa = PBXBuildFile; fileRef = 345AA22C2AF2A00900FE644A /* Assets.xcassets */; };
		345AA2302AF2A00900FE644A /* Preview Assets.xcassets in Resources */ = {isa = PBXBuildFile; fileRef = 345AA22F2AF2A00900FE644A /* Preview Assets.xcassets */; };
		345AA23A2AF2A00A00FE644A /* CrapsTests.swift in Sources */ = {isa = PBXBuildFile; fileRef = 345AA2392AF2A00A00FE644A /* CrapsTests.swift */; };
		345AA2442AF2A00A00FE644A /* CrapsUITests.swift in Sources */ = {isa = PBXBuildFile; fileRef = 345AA2432AF2A00A00FE644A /* CrapsUITests.swift */; };
		345AA2462AF2A00A00FE644A /* CrapsUITestsLaunchTests.swift in Sources */ = {isa = PBXBuildFile; fileRef = 345AA2452AF2A00A00FE644A /* CrapsUITestsLaunchTests.swift */; };
		345AA28A2AF93E3B00FE644A /* Title screen.swift in Sources */ = {isa = PBXBuildFile; fileRef = 345AA2892AF93E3B00FE644A /* Title screen.swift */; };
		345AA28C2AF93F4200FE644A /* Splash Screen.swift in Sources */ = {isa = PBXBuildFile; fileRef = 345AA28B2AF93F4200FE644A /* Splash Screen.swift */; };
		345AA28E2AF9434D00FE644A /* Directions.swift in Sources */ = {isa = PBXBuildFile; fileRef = 345AA28D2AF9434D00FE644A /* Directions.swift */; };
		3474E5422B2BF62900ED0C09 /* Silkscreen-Bold.ttf in Resources */ = {isa = PBXBuildFile; fileRef = 344BE1C82B2B5F0400191848 /* Silkscreen-Bold.ttf */; };
		3474E5482B309FF400ED0C09 /* Sounds in Resources */ = {isa = PBXBuildFile; fileRef = 3474E5472B309FF400ED0C09 /* Sounds */; };
/* End PBXBuildFile section */

/* Begin PBXContainerItemProxy section */
		345AA2362AF2A00A00FE644A /* PBXContainerItemProxy */ = {
			isa = PBXContainerItemProxy;
			containerPortal = 345AA21D2AF2A00000FE644A /* Project object */;
			proxyType = 1;
			remoteGlobalIDString = 345AA2242AF2A00000FE644A;
			remoteInfo = Craps;
		};
		345AA2402AF2A00A00FE644A /* PBXContainerItemProxy */ = {
			isa = PBXContainerItemProxy;
			containerPortal = 345AA21D2AF2A00000FE644A /* Project object */;
			proxyType = 1;
			remoteGlobalIDString = 345AA2242AF2A00000FE644A;
			remoteInfo = Craps;
		};
/* End PBXContainerItemProxy section */

/* Begin PBXFileReference section */
		344BE1C02B226BC800191848 /* PassSplash.swift */ = {isa = PBXFileReference; lastKnownFileType = sourcecode.swift; path = PassSplash.swift; sourceTree = "<group>"; };
		344BE1C42B2B5EF700191848 /* Silkscreen */ = {isa = PBXFileReference; lastKnownFileType = folder; name = Silkscreen; path = ../../../../Downloads/Silkscreen; sourceTree = "<group>"; };
		344BE1C72B2B5F0400191848 /* Silkscreen-Regular.ttf */ = {isa = PBXFileReference; lastKnownFileType = file; path = "Silkscreen-Regular.ttf"; sourceTree = "<group>"; };
		344BE1C82B2B5F0400191848 /* Silkscreen-Bold.ttf */ = {isa = PBXFileReference; lastKnownFileType = file; path = "Silkscreen-Bold.ttf"; sourceTree = "<group>"; };
		344BE1C92B2B5F0400191848 /* OFL.txt */ = {isa = PBXFileReference; lastKnownFileType = text; path = OFL.txt; sourceTree = "<group>"; };
		345AA2252AF2A00000FE644A /* Craps.app */ = {isa = PBXFileReference; explicitFileType = wrapper.application; includeInIndex = 0; path = Craps.app; sourceTree = BUILT_PRODUCTS_DIR; };
		345AA2282AF2A00000FE644A /* CrapsApp.swift */ = {isa = PBXFileReference; lastKnownFileType = sourcecode.swift; path = CrapsApp.swift; sourceTree = "<group>"; };
		345AA22A2AF2A00000FE644A /* ContentView.swift */ = {isa = PBXFileReference; lastKnownFileType = sourcecode.swift; path = ContentView.swift; sourceTree = "<group>"; };
		345AA22C2AF2A00900FE644A /* Assets.xcassets */ = {isa = PBXFileReference; lastKnownFileType = folder.assetcatalog; path = Assets.xcassets; sourceTree = "<group>"; };
		345AA22F2AF2A00900FE644A /* Preview Assets.xcassets */ = {isa = PBXFileReference; lastKnownFileType = folder.assetcatalog; path = "Preview Assets.xcassets"; sourceTree = "<group>"; };
		345AA2352AF2A00A00FE644A /* CrapsTests.xctest */ = {isa = PBXFileReference; explicitFileType = wrapper.cfbundle; includeInIndex = 0; path = CrapsTests.xctest; sourceTree = BUILT_PRODUCTS_DIR; };
		345AA2392AF2A00A00FE644A /* CrapsTests.swift */ = {isa = PBXFileReference; lastKnownFileType = sourcecode.swift; path = CrapsTests.swift; sourceTree = "<group>"; };
		345AA23F2AF2A00A00FE644A /* CrapsUITests.xctest */ = {isa = PBXFileReference; explicitFileType = wrapper.cfbundle; includeInIndex = 0; path = CrapsUITests.xctest; sourceTree = BUILT_PRODUCTS_DIR; };
		345AA2432AF2A00A00FE644A /* CrapsUITests.swift */ = {isa = PBXFileReference; lastKnownFileType = sourcecode.swift; path = CrapsUITests.swift; sourceTree = "<group>"; };
		345AA2452AF2A00A00FE644A /* CrapsUITestsLaunchTests.swift */ = {isa = PBXFileReference; lastKnownFileType = sourcecode.swift; path = CrapsUITestsLaunchTests.swift; sourceTree = "<group>"; };
		345AA2882AF8A3F300FE644A /* Info.plist */ = {isa = PBXFileReference; lastKnownFileType = text.plist; path = Info.plist; sourceTree = "<group>"; };
		345AA2892AF93E3B00FE644A /* Title screen.swift */ = {isa = PBXFileReference; lastKnownFileType = sourcecode.swift; path = "Title screen.swift"; sourceTree = "<group>"; };
		345AA28B2AF93F4200FE644A /* Splash Screen.swift */ = {isa = PBXFileReference; lastKnownFileType = sourcecode.swift; path = "Splash Screen.swift"; sourceTree = "<group>"; };
		345AA28D2AF9434D00FE644A /* Directions.swift */ = {isa = PBXFileReference; lastKnownFileType = sourcecode.swift; path = Directions.swift; sourceTree = "<group>"; };
		3474E5472B309FF400ED0C09 /* Sounds */ = {isa = PBXFileReference; lastKnownFileType = folder; path = Sounds; sourceTree = "<group>"; };
/* End PBXFileReference section */

/* Begin PBXFrameworksBuildPhase section */
		345AA2222AF2A00000FE644A /* Frameworks */ = {
			isa = PBXFrameworksBuildPhase;
			buildActionMask = 2147483647;
			files = (
			);
			runOnlyForDeploymentPostprocessing = 0;
		};
		345AA2322AF2A00A00FE644A /* Frameworks */ = {
			isa = PBXFrameworksBuildPhase;
			buildActionMask = 2147483647;
			files = (
			);
			runOnlyForDeploymentPostprocessing = 0;
		};
		345AA23C2AF2A00A00FE644A /* Frameworks */ = {
			isa = PBXFrameworksBuildPhase;
			buildActionMask = 2147483647;
			files = (
			);
			runOnlyForDeploymentPostprocessing = 0;
		};
/* End PBXFrameworksBuildPhase section */

/* Begin PBXGroup section */
		344BE1C62B2B5F0400191848 /* Silkscreen */ = {
			isa = PBXGroup;
			children = (
				344BE1C72B2B5F0400191848 /* Silkscreen-Regular.ttf */,
				344BE1C82B2B5F0400191848 /* Silkscreen-Bold.ttf */,
				344BE1C92B2B5F0400191848 /* OFL.txt */,
			);
			path = Silkscreen;
			sourceTree = "<group>";
		};
		345AA21C2AF2A00000FE644A = {
			isa = PBXGroup;
			children = (
				345AA28B2AF93F4200FE644A /* Splash Screen.swift */,
				344BE1C02B226BC800191848 /* PassSplash.swift */,
				345AA2272AF2A00000FE644A /* Craps */,
				345AA2382AF2A00A00FE644A /* CrapsTests */,
				345AA2422AF2A00A00FE644A /* CrapsUITests */,
				345AA2262AF2A00000FE644A /* Products */,
			);
			sourceTree = "<group>";
		};
		345AA2262AF2A00000FE644A /* Products */ = {
			isa = PBXGroup;
			children = (
				345AA2252AF2A00000FE644A /* Craps.app */,
				345AA2352AF2A00A00FE644A /* CrapsTests.xctest */,
				345AA23F2AF2A00A00FE644A /* CrapsUITests.xctest */,
			);
			name = Products;
			sourceTree = "<group>";
		};
		345AA2272AF2A00000FE644A /* Craps */ = {
			isa = PBXGroup;
			children = (
				344BE1C62B2B5F0400191848 /* Silkscreen */,
				345AA2882AF8A3F300FE644A /* Info.plist */,
				345AA2282AF2A00000FE644A /* CrapsApp.swift */,
				345AA22A2AF2A00000FE644A /* ContentView.swift */,
				3474E5472B309FF400ED0C09 /* Sounds */,
				345AA22C2AF2A00900FE644A /* Assets.xcassets */,
				345AA22E2AF2A00900FE644A /* Preview Content */,
				345AA2892AF93E3B00FE644A /* Title screen.swift */,
				345AA28D2AF9434D00FE644A /* Directions.swift */,
			);
			path = Craps;
			sourceTree = "<group>";
		};
		345AA22E2AF2A00900FE644A /* Preview Content */ = {
			isa = PBXGroup;
			children = (
				345AA22F2AF2A00900FE644A /* Preview Assets.xcassets */,
			);
			path = "Preview Content";
			sourceTree = "<group>";
		};
		345AA2382AF2A00A00FE644A /* CrapsTests */ = {
			isa = PBXGroup;
			children = (
				345AA2392AF2A00A00FE644A /* CrapsTests.swift */,
			);
			path = CrapsTests;
			sourceTree = "<group>";
		};
		345AA2422AF2A00A00FE644A /* CrapsUITests */ = {
			isa = PBXGroup;
			children = (
				345AA2432AF2A00A00FE644A /* CrapsUITests.swift */,
				345AA2452AF2A00A00FE644A /* CrapsUITestsLaunchTests.swift */,
				344BE1C42B2B5EF700191848 /* Silkscreen */,
			);
			path = CrapsUITests;
			sourceTree = "<group>";
		};
/* End PBXGroup section */

/* Begin PBXNativeTarget section */
		345AA2242AF2A00000FE644A /* Craps */ = {
			isa = PBXNativeTarget;
			buildConfigurationList = 345AA2492AF2A00A00FE644A /* Build configuration list for PBXNativeTarget "Craps" */;
			buildPhases = (
				345AA2212AF2A00000FE644A /* Sources */,
				345AA2222AF2A00000FE644A /* Frameworks */,
				345AA2232AF2A00000FE644A /* Resources */,
			);
			buildRules = (
			);
			dependencies = (
			);
			name = Craps;
			productName = Craps;
			productReference = 345AA2252AF2A00000FE644A /* Craps.app */;
			productType = "com.apple.product-type.application";
		};
		345AA2342AF2A00A00FE644A /* CrapsTests */ = {
			isa = PBXNativeTarget;
			buildConfigurationList = 345AA24C2AF2A00A00FE644A /* Build configuration list for PBXNativeTarget "CrapsTests" */;
			buildPhases = (
				345AA2312AF2A00A00FE644A /* Sources */,
				345AA2322AF2A00A00FE644A /* Frameworks */,
				345AA2332AF2A00A00FE644A /* Resources */,
			);
			buildRules = (
			);
			dependencies = (
				345AA2372AF2A00A00FE644A /* PBXTargetDependency */,
			);
			name = CrapsTests;
			productName = CrapsTests;
			productReference = 345AA2352AF2A00A00FE644A /* CrapsTests.xctest */;
			productType = "com.apple.product-type.bundle.unit-test";
		};
		345AA23E2AF2A00A00FE644A /* CrapsUITests */ = {
			isa = PBXNativeTarget;
			buildConfigurationList = 345AA24F2AF2A00A00FE644A /* Build configuration list for PBXNativeTarget "CrapsUITests" */;
			buildPhases = (
				345AA23B2AF2A00A00FE644A /* Sources */,
				345AA23C2AF2A00A00FE644A /* Frameworks */,
				345AA23D2AF2A00A00FE644A /* Resources */,
			);
			buildRules = (
			);
			dependencies = (
				345AA2412AF2A00A00FE644A /* PBXTargetDependency */,
			);
			name = CrapsUITests;
			productName = CrapsUITests;
			productReference = 345AA23F2AF2A00A00FE644A /* CrapsUITests.xctest */;
			productType = "com.apple.product-type.bundle.ui-testing";
		};
/* End PBXNativeTarget section */

/* Begin PBXProject section */
		345AA21D2AF2A00000FE644A /* Project object */ = {
			isa = PBXProject;
			attributes = {
				BuildIndependentTargetsInParallel = 1;
				LastSwiftUpdateCheck = 1430;
				LastUpgradeCheck = 1430;
				TargetAttributes = {
					345AA2242AF2A00000FE644A = {
						CreatedOnToolsVersion = 14.3.1;
					};
					345AA2342AF2A00A00FE644A = {
						CreatedOnToolsVersion = 14.3.1;
						TestTargetID = 345AA2242AF2A00000FE644A;
					};
					345AA23E2AF2A00A00FE644A = {
						CreatedOnToolsVersion = 14.3.1;
						TestTargetID = 345AA2242AF2A00000FE644A;
					};
				};
			};
			buildConfigurationList = 345AA2202AF2A00000FE644A /* Build configuration list for PBXProject "Craps" */;
			compatibilityVersion = "Xcode 14.0";
			developmentRegion = en;
			hasScannedForEncodings = 0;
			knownRegions = (
				en,
				Base,
			);
			mainGroup = 345AA21C2AF2A00000FE644A;
			productRefGroup = 345AA2262AF2A00000FE644A /* Products */;
			projectDirPath = "";
			projectRoot = "";
			targets = (
				345AA2242AF2A00000FE644A /* Craps */,
				345AA2342AF2A00A00FE644A /* CrapsTests */,
				345AA23E2AF2A00A00FE644A /* CrapsUITests */,
			);
		};
/* End PBXProject section */

/* Begin PBXResourcesBuildPhase section */
		345AA2232AF2A00000FE644A /* Resources */ = {
			isa = PBXResourcesBuildPhase;
			buildActionMask = 2147483647;
			files = (
				3474E5422B2BF62900ED0C09 /* Silkscreen-Bold.ttf in Resources */,
				344BE1CB2B2BF4FF00191848 /* Silkscreen-Regular.ttf in Resources */,
				345AA2302AF2A00900FE644A /* Preview Assets.xcassets in Resources */,
				345AA22D2AF2A00900FE644A /* Assets.xcassets in Resources */,
				3474E5482B309FF400ED0C09 /* Sounds in Resources */,
			);
			runOnlyForDeploymentPostprocessing = 0;
		};
		345AA2332AF2A00A00FE644A /* Resources */ = {
			isa = PBXResourcesBuildPhase;
			buildActionMask = 2147483647;
			files = (
			);
			runOnlyForDeploymentPostprocessing = 0;
		};
		345AA23D2AF2A00A00FE644A /* Resources */ = {
			isa = PBXResourcesBuildPhase;
			buildActionMask = 2147483647;
			files = (
				344BE1C52B2B5EF700191848 /* Silkscreen in Resources */,
			);
			runOnlyForDeploymentPostprocessing = 0;
		};
/* End PBXResourcesBuildPhase section */

/* Begin PBXSourcesBuildPhase section */
		345AA2212AF2A00000FE644A /* Sources */ = {
			isa = PBXSourcesBuildPhase;
			buildActionMask = 2147483647;
			files = (
				345AA22B2AF2A00000FE644A /* ContentView.swift in Sources */,
				345AA28C2AF93F4200FE644A /* Splash Screen.swift in Sources */,
				345AA28A2AF93E3B00FE644A /* Title screen.swift in Sources */,
				345AA2292AF2A00000FE644A /* CrapsApp.swift in Sources */,
				345AA28E2AF9434D00FE644A /* Directions.swift in Sources */,
				344BE1C12B226BC800191848 /* PassSplash.swift in Sources */,
			);
			runOnlyForDeploymentPostprocessing = 0;
		};
		345AA2312AF2A00A00FE644A /* Sources */ = {
			isa = PBXSourcesBuildPhase;
			buildActionMask = 2147483647;
			files = (
				345AA23A2AF2A00A00FE644A /* CrapsTests.swift in Sources */,
			);
			runOnlyForDeploymentPostprocessing = 0;
		};
		345AA23B2AF2A00A00FE644A /* Sources */ = {
			isa = PBXSourcesBuildPhase;
			buildActionMask = 2147483647;
			files = (
				345AA2462AF2A00A00FE644A /* CrapsUITestsLaunchTests.swift in Sources */,
				345AA2442AF2A00A00FE644A /* CrapsUITests.swift in Sources */,
			);
			runOnlyForDeploymentPostprocessing = 0;
		};
/* End PBXSourcesBuildPhase section */

/* Begin PBXTargetDependency section */
		345AA2372AF2A00A00FE644A /* PBXTargetDependency */ = {
			isa = PBXTargetDependency;
			target = 345AA2242AF2A00000FE644A /* Craps */;
			targetProxy = 345AA2362AF2A00A00FE644A /* PBXContainerItemProxy */;
		};
		345AA2412AF2A00A00FE644A /* PBXTargetDependency */ = {
			isa = PBXTargetDependency;
			target = 345AA2242AF2A00000FE644A /* Craps */;
			targetProxy = 345AA2402AF2A00A00FE644A /* PBXContainerItemProxy */;
		};
/* End PBXTargetDependency section */

/* Begin XCBuildConfiguration section */
		345AA2472AF2A00A00FE644A /* Debug */ = {
			isa = XCBuildConfiguration;
			buildSettings = {
				ALWAYS_SEARCH_USER_PATHS = NO;
				CLANG_ANALYZER_NONNULL = YES;
				CLANG_ANALYZER_NUMBER_OBJECT_CONVERSION = YES_AGGRESSIVE;
				CLANG_CXX_LANGUAGE_STANDARD = "gnu++20";
				CLANG_ENABLE_MODULES = YES;
				CLANG_ENABLE_OBJC_ARC = YES;
				CLANG_ENABLE_OBJC_WEAK = YES;
				CLANG_WARN_BLOCK_CAPTURE_AUTORELEASING = YES;
				CLANG_WARN_BOOL_CONVERSION = YES;
				CLANG_WARN_COMMA = YES;
				CLANG_WARN_CONSTANT_CONVERSION = YES;
				CLANG_WARN_DEPRECATED_OBJC_IMPLEMENTATIONS = YES;
				CLANG_WARN_DIRECT_OBJC_ISA_USAGE = YES_ERROR;
				CLANG_WARN_DOCUMENTATION_COMMENTS = YES;
				CLANG_WARN_EMPTY_BODY = YES;
				CLANG_WARN_ENUM_CONVERSION = YES;
				CLANG_WARN_INFINITE_RECURSION = YES;
				CLANG_WARN_INT_CONVERSION = YES;
				CLANG_WARN_NON_LITERAL_NULL_CONVERSION = YES;
				CLANG_WARN_OBJC_IMPLICIT_RETAIN_SELF = YES;
				CLANG_WARN_OBJC_LITERAL_CONVERSION = YES;
				CLANG_WARN_OBJC_ROOT_CLASS = YES_ERROR;
				CLANG_WARN_QUOTED_INCLUDE_IN_FRAMEWORK_HEADER = YES;
				CLANG_WARN_RANGE_LOOP_ANALYSIS = YES;
				CLANG_WARN_STRICT_PROTOTYPES = YES;
				CLANG_WARN_SUSPICIOUS_MOVE = YES;
				CLANG_WARN_UNGUARDED_AVAILABILITY = YES_AGGRESSIVE;
				CLANG_WARN_UNREACHABLE_CODE = YES;
				CLANG_WARN__DUPLICATE_METHOD_MATCH = YES;
				COPY_PHASE_STRIP = NO;
				DEBUG_INFORMATION_FORMAT = dwarf;
				ENABLE_STRICT_OBJC_MSGSEND = YES;
				ENABLE_TESTABILITY = YES;
				GCC_C_LANGUAGE_STANDARD = gnu11;
				GCC_DYNAMIC_NO_PIC = NO;
				GCC_NO_COMMON_BLOCKS = YES;
				GCC_OPTIMIZATION_LEVEL = 0;
				GCC_PREPROCESSOR_DEFINITIONS = (
					"DEBUG=1",
					"$(inherited)",
				);
				GCC_WARN_64_TO_32_BIT_CONVERSION = YES;
				GCC_WARN_ABOUT_RETURN_TYPE = YES_ERROR;
				GCC_WARN_UNDECLARED_SELECTOR = YES;
				GCC_WARN_UNINITIALIZED_AUTOS = YES_AGGRESSIVE;
				GCC_WARN_UNUSED_FUNCTION = YES;
				GCC_WARN_UNUSED_VARIABLE = YES;
				IPHONEOS_DEPLOYMENT_TARGET = 16.4;
				MTL_ENABLE_DEBUG_INFO = INCLUDE_SOURCE;
				MTL_FAST_MATH = YES;
				ONLY_ACTIVE_ARCH = YES;
				SDKROOT = iphoneos;
				SWIFT_ACTIVE_COMPILATION_CONDITIONS = DEBUG;
				SWIFT_OPTIMIZATION_LEVEL = "-Onone";
			};
			name = Debug;
		};
		345AA2482AF2A00A00FE644A /* Release */ = {
			isa = XCBuildConfiguration;
			buildSettings = {
				ALWAYS_SEARCH_USER_PATHS = NO;
				CLANG_ANALYZER_NONNULL = YES;
				CLANG_ANALYZER_NUMBER_OBJECT_CONVERSION = YES_AGGRESSIVE;
				CLANG_CXX_LANGUAGE_STANDARD = "gnu++20";
				CLANG_ENABLE_MODULES = YES;
				CLANG_ENABLE_OBJC_ARC = YES;
				CLANG_ENABLE_OBJC_WEAK = YES;
				CLANG_WARN_BLOCK_CAPTURE_AUTORELEASING = YES;
				CLANG_WARN_BOOL_CONVERSION = YES;
				CLANG_WARN_COMMA = YES;
				CLANG_WARN_CONSTANT_CONVERSION = YES;
				CLANG_WARN_DEPRECATED_OBJC_IMPLEMENTATIONS = YES;
				CLANG_WARN_DIRECT_OBJC_ISA_USAGE = YES_ERROR;
				CLANG_WARN_DOCUMENTATION_COMMENTS = YES;
				CLANG_WARN_EMPTY_BODY = YES;
				CLANG_WARN_ENUM_CONVERSION = YES;
				CLANG_WARN_INFINITE_RECURSION = YES;
				CLANG_WARN_INT_CONVERSION = YES;
				CLANG_WARN_NON_LITERAL_NULL_CONVERSION = YES;
				CLANG_WARN_OBJC_IMPLICIT_RETAIN_SELF = YES;
				CLANG_WARN_OBJC_LITERAL_CONVERSION = YES;
				CLANG_WARN_OBJC_ROOT_CLASS = YES_ERROR;
				CLANG_WARN_QUOTED_INCLUDE_IN_FRAMEWORK_HEADER = YES;
				CLANG_WARN_RANGE_LOOP_ANALYSIS = YES;
				CLANG_WARN_STRICT_PROTOTYPES = YES;
				CLANG_WARN_SUSPICIOUS_MOVE = YES;
				CLANG_WARN_UNGUARDED_AVAILABILITY = YES_AGGRESSIVE;
				CLANG_WARN_UNREACHABLE_CODE = YES;
				CLANG_WARN__DUPLICATE_METHOD_MATCH = YES;
				COPY_PHASE_STRIP = NO;
				DEBUG_INFORMATION_FORMAT = "dwarf-with-dsym";
				ENABLE_NS_ASSERTIONS = NO;
				ENABLE_STRICT_OBJC_MSGSEND = YES;
				GCC_C_LANGUAGE_STANDARD = gnu11;
				GCC_NO_COMMON_BLOCKS = YES;
				GCC_WARN_64_TO_32_BIT_CONVERSION = YES;
				GCC_WARN_ABOUT_RETURN_TYPE = YES_ERROR;
				GCC_WARN_UNDECLARED_SELECTOR = YES;
				GCC_WARN_UNINITIALIZED_AUTOS = YES_AGGRESSIVE;
				GCC_WARN_UNUSED_FUNCTION = YES;
				GCC_WARN_UNUSED_VARIABLE = YES;
				IPHONEOS_DEPLOYMENT_TARGET = 16.4;
				MTL_ENABLE_DEBUG_INFO = NO;
				MTL_FAST_MATH = YES;
				SDKROOT = iphoneos;
				SWIFT_COMPILATION_MODE = wholemodule;
				SWIFT_OPTIMIZATION_LEVEL = "-O";
				VALIDATE_PRODUCT = YES;
			};
			name = Release;
		};
		345AA24A2AF2A00A00FE644A /* Debug */ = {
			isa = XCBuildConfiguration;
			buildSettings = {
				ASSETCATALOG_COMPILER_APPICON_NAME = AppIcon;
				ASSETCATALOG_COMPILER_GLOBAL_ACCENT_COLOR_NAME = AccentColor;
				CODE_SIGN_STYLE = Automatic;
				CURRENT_PROJECT_VERSION = 1;
				DEVELOPMENT_ASSET_PATHS = "\"Craps/Preview Content\"";
				DEVELOPMENT_TEAM = JXBBWBBFGX;
				ENABLE_PREVIEWS = YES;
				GENERATE_INFOPLIST_FILE = YES;
				INFOPLIST_FILE = Craps/Info.plist;
				INFOPLIST_KEY_UIApplicationSceneManifest_Generation = YES;
				INFOPLIST_KEY_UIApplicationSupportsIndirectInputEvents = YES;
				INFOPLIST_KEY_UILaunchScreen_Generation = YES;
				INFOPLIST_KEY_UISupportedInterfaceOrientations_iPad = "UIInterfaceOrientationPortrait UIInterfaceOrientationPortraitUpsideDown UIInterfaceOrientationLandscapeLeft UIInterfaceOrientationLandscapeRight";
				INFOPLIST_KEY_UISupportedInterfaceOrientations_iPhone = "UIInterfaceOrientationLandscapeLeft UIInterfaceOrientationLandscapeRight";
				LD_RUNPATH_SEARCH_PATHS = (
					"$(inherited)",
					"@executable_path/Frameworks",
				);
				MARKETING_VERSION = 1.0;
				PRODUCT_BUNDLE_IDENTIFIER = "https---github.com-bfddeveloper.Craps";
				PRODUCT_NAME = "$(TARGET_NAME)";
				SWIFT_EMIT_LOC_STRINGS = YES;
				SWIFT_VERSION = 5.0;
				TARGETED_DEVICE_FAMILY = "1,2";
			};
			name = Debug;
		};
		345AA24B2AF2A00A00FE644A /* Release */ = {
			isa = XCBuildConfiguration;
			buildSettings = {
				ASSETCATALOG_COMPILER_APPICON_NAME = AppIcon;
				ASSETCATALOG_COMPILER_GLOBAL_ACCENT_COLOR_NAME = AccentColor;
				CODE_SIGN_STYLE = Automatic;
				CURRENT_PROJECT_VERSION = 1;
				DEVELOPMENT_ASSET_PATHS = "\"Craps/Preview Content\"";
				DEVELOPMENT_TEAM = JXBBWBBFGX;
				ENABLE_PREVIEWS = YES;
				GENERATE_INFOPLIST_FILE = YES;
				INFOPLIST_FILE = Craps/Info.plist;
				INFOPLIST_KEY_UIApplicationSceneManifest_Generation = YES;
				INFOPLIST_KEY_UIApplicationSupportsIndirectInputEvents = YES;
				INFOPLIST_KEY_UILaunchScreen_Generation = YES;
				INFOPLIST_KEY_UISupportedInterfaceOrientations_iPad = "UIInterfaceOrientationPortrait UIInterfaceOrientationPortraitUpsideDown UIInterfaceOrientationLandscapeLeft UIInterfaceOrientationLandscapeRight";
				INFOPLIST_KEY_UISupportedInterfaceOrientations_iPhone = "UIInterfaceOrientationLandscapeLeft UIInterfaceOrientationLandscapeRight";
				LD_RUNPATH_SEARCH_PATHS = (
					"$(inherited)",
					"@executable_path/Frameworks",
				);
				MARKETING_VERSION = 1.0;
				PRODUCT_BUNDLE_IDENTIFIER = "https---github.com-bfddeveloper.Craps";
				PRODUCT_NAME = "$(TARGET_NAME)";
				SWIFT_EMIT_LOC_STRINGS = YES;
				SWIFT_VERSION = 5.0;
				TARGETED_DEVICE_FAMILY = "1,2";
			};
			name = Release;
		};
		345AA24D2AF2A00A00FE644A /* Debug */ = {
			isa = XCBuildConfiguration;
			buildSettings = {
				ALWAYS_EMBED_SWIFT_STANDARD_LIBRARIES = YES;
				BUNDLE_LOADER = "$(TEST_HOST)";
				CODE_SIGN_STYLE = Automatic;
				CURRENT_PROJECT_VERSION = 1;
				DEVELOPMENT_TEAM = JXBBWBBFGX;
				GENERATE_INFOPLIST_FILE = YES;
				IPHONEOS_DEPLOYMENT_TARGET = 16.4;
				MARKETING_VERSION = 1.0;
				PRODUCT_BUNDLE_IDENTIFIER = "https---github.com-bfddeveloper.CrapsTests";
				PRODUCT_NAME = "$(TARGET_NAME)";
				SWIFT_EMIT_LOC_STRINGS = NO;
				SWIFT_VERSION = 5.0;
				TARGETED_DEVICE_FAMILY = "1,2";
				TEST_HOST = "$(BUILT_PRODUCTS_DIR)/Craps.app/$(BUNDLE_EXECUTABLE_FOLDER_PATH)/Craps";
			};
			name = Debug;
		};
		345AA24E2AF2A00A00FE644A /* Release */ = {
			isa = XCBuildConfiguration;
			buildSettings = {
				ALWAYS_EMBED_SWIFT_STANDARD_LIBRARIES = YES;
				BUNDLE_LOADER = "$(TEST_HOST)";
				CODE_SIGN_STYLE = Automatic;
				CURRENT_PROJECT_VERSION = 1;
				DEVELOPMENT_TEAM = JXBBWBBFGX;
				GENERATE_INFOPLIST_FILE = YES;
				IPHONEOS_DEPLOYMENT_TARGET = 16.4;
				MARKETING_VERSION = 1.0;
				PRODUCT_BUNDLE_IDENTIFIER = "https---github.com-bfddeveloper.CrapsTests";
				PRODUCT_NAME = "$(TARGET_NAME)";
				SWIFT_EMIT_LOC_STRINGS = NO;
				SWIFT_VERSION = 5.0;
				TARGETED_DEVICE_FAMILY = "1,2";
				TEST_HOST = "$(BUILT_PRODUCTS_DIR)/Craps.app/$(BUNDLE_EXECUTABLE_FOLDER_PATH)/Craps";
			};
			name = Release;
		};
		345AA2502AF2A00A00FE644A /* Debug */ = {
			isa = XCBuildConfiguration;
			buildSettings = {
				ALWAYS_EMBED_SWIFT_STANDARD_LIBRARIES = YES;
				CODE_SIGN_STYLE = Automatic;
				CURRENT_PROJECT_VERSION = 1;
				DEVELOPMENT_TEAM = JXBBWBBFGX;
				GENERATE_INFOPLIST_FILE = YES;
				MARKETING_VERSION = 1.0;
				PRODUCT_BUNDLE_IDENTIFIER = "https---github.com-bfddeveloper.CrapsUITests";
				PRODUCT_NAME = "$(TARGET_NAME)";
				SWIFT_EMIT_LOC_STRINGS = NO;
				SWIFT_VERSION = 5.0;
				TARGETED_DEVICE_FAMILY = "1,2";
				TEST_TARGET_NAME = Craps;
			};
			name = Debug;
		};
		345AA2512AF2A00A00FE644A /* Release */ = {
			isa = XCBuildConfiguration;
			buildSettings = {
				ALWAYS_EMBED_SWIFT_STANDARD_LIBRARIES = YES;
				CODE_SIGN_STYLE = Automatic;
				CURRENT_PROJECT_VERSION = 1;
				DEVELOPMENT_TEAM = JXBBWBBFGX;
				GENERATE_INFOPLIST_FILE = YES;
				MARKETING_VERSION = 1.0;
				PRODUCT_BUNDLE_IDENTIFIER = "https---github.com-bfddeveloper.CrapsUITests";
				PRODUCT_NAME = "$(TARGET_NAME)";
				SWIFT_EMIT_LOC_STRINGS = NO;
				SWIFT_VERSION = 5.0;
				TARGETED_DEVICE_FAMILY = "1,2";
				TEST_TARGET_NAME = Craps;
			};
			name = Release;
		};
/* End XCBuildConfiguration section */

/* Begin XCConfigurationList section */
		345AA2202AF2A00000FE644A /* Build configuration list for PBXProject "Craps" */ = {
			isa = XCConfigurationList;
			buildConfigurations = (
				345AA2472AF2A00A00FE644A /* Debug */,
				345AA2482AF2A00A00FE644A /* Release */,
			);
			defaultConfigurationIsVisible = 0;
			defaultConfigurationName = Release;
		};
		345AA2492AF2A00A00FE644A /* Build configuration list for PBXNativeTarget "Craps" */ = {
			isa = XCConfigurationList;
			buildConfigurations = (
				345AA24A2AF2A00A00FE644A /* Debug */,
				345AA24B2AF2A00A00FE644A /* Release */,
			);
			defaultConfigurationIsVisible = 0;
			defaultConfigurationName = Release;
		};
		345AA24C2AF2A00A00FE644A /* Build configuration list for PBXNativeTarget "CrapsTests" */ = {
			isa = XCConfigurationList;
			buildConfigurations = (
				345AA24D2AF2A00A00FE644A /* Debug */,
				345AA24E2AF2A00A00FE644A /* Release */,
			);
			defaultConfigurationIsVisible = 0;
			defaultConfigurationName = Release;
		};
		345AA24F2AF2A00A00FE644A /* Build configuration list for PBXNativeTarget "CrapsUITests" */ = {
			isa = XCConfigurationList;
			buildConfigurations = (
				345AA2502AF2A00A00FE644A /* Debug */,
				345AA2512AF2A00A00FE644A /* Release */,
			);
			defaultConfigurationIsVisible = 0;
			defaultConfigurationName = Release;
		};
/* End XCConfigurationList section */
	};
	rootObject = 345AA21D2AF2A00000FE644A /* Project object */;
}
